
Microsoft Visual Studio Solution File, Format Version 12.00
# Visual Studio 15
VisualStudioVersion = 15.0.27428.2015
MinimumVisualStudioVersion = 10.0.40219.1
Project("{FAE04EC0-301F-11D3-BF4B-00C04F79EFBC}") = "Dank Player V3.0", "Dank Player V3.0\Dank Player V3.0.csproj", "{A821B448-B9C1-4B71-B73A-C117C4115550}"
EndProject
Global
	GlobalSection(SolutionConfigurationPlatforms) = preSolution
		Debug|Any CPU = Debug|Any CPU
		Release|Any CPU = Release|Any CPU
	EndGlobalSection
	GlobalSection(ProjectConfigurationPlatforms) = postSolution
		{A821B448-B9C1-4B71-B73A-C117C4115550}.Debug|Any CPU.ActiveCfg = Debug|Any CPU
		{A821B448-B9C1-4B71-B73A-C117C4115550}.Debug|Any CPU.Build.0 = Debug|Any CPU
		{A821B448-B9C1-4B71-B73A-C117C4115550}.Release|Any CPU.ActiveCfg = Release|Any CPU
		{A821B448-B9C1-4B71-B73A-C117C4115550}.Release|Any CPU.Build.0 = Release|Any CPU
	EndGlobalSection
	GlobalSection(SolutionProperties) = preSolution
		HideSolutionNode = FALSE
	EndGlobalSection
	GlobalSection(ExtensibilityGlobals) = postSolution
		SolutionGuid = {86BB2A2E-352F-48EA-A496-1D00BE11DF03}
	EndGlobalSection
EndGlobal
